
Microsoft Visual Studio Solution File, Format Version 12.00
# Visual Studio Version 16
VisualStudioVersion = 16.0.808.3
MinimumVisualStudioVersion = 10.0.40219.1
Project("{FAE04EC0-301F-11D3-BF4B-00C04F79EFBC}") = "ValueCalculator", "ValueCalculator\ValueCalculator.csproj", "{3E77D83E-6B9A-4796-B10A-70BDE3196D6F}"
EndProject
Global
	GlobalSection(SolutionConfigurationPlatforms) = preSolution
		Debug|Any CPU = Debug|Any CPU
		Release|Any CPU = Release|Any CPU
	EndGlobalSection
	GlobalSection(ProjectConfigurationPlatforms) = postSolution
		{3E77D83E-6B9A-4796-B10A-70BDE3196D6F}.Debug|Any CPU.ActiveCfg = Debug|Any CPU
		{3E77D83E-6B9A-4796-B10A-70BDE3196D6F}.Debug|Any CPU.Build.0 = Debug|Any CPU
		{3E77D83E-6B9A-4796-B10A-70BDE3196D6F}.Release|Any CPU.ActiveCfg = Release|Any CPU
		{3E77D83E-6B9A-4796-B10A-70BDE3196D6F}.Release|Any CPU.Build.0 = Release|Any CPU
	EndGlobalSection
	GlobalSection(SolutionProperties) = preSolution
		HideSolutionNode = FALSE
	EndGlobalSection
	GlobalSection(ExtensibilityGlobals) = postSolution
		SolutionGuid = {4299C429-1D4B-43FD-89F7-FBEE8ED6F916}
	EndGlobalSection
EndGlobal
